
Microsoft Visual Studio Solution File, Format Version 12.00
# Visual Studio Version 17
VisualStudioVersion = 17.7.34031.279
MinimumVisualStudioVersion = 10.0.40219.1
Project("{FAE04EC0-301F-11D3-BF4B-00C04F79EFBC}") = "AD_SSO_Test", "AD_SSO_Test\AD_SSO_Test.csproj", "{7633D0BB-2AB6-47A1-91F7-3D9220BAE395}"
EndProject
Global
	GlobalSection(SolutionConfigurationPlatforms) = preSolution
		Debug|Any CPU = Debug|Any CPU
		Release|Any CPU = Release|Any CPU
	EndGlobalSection
	GlobalSection(ProjectConfigurationPlatforms) = postSolution
		{7633D0BB-2AB6-47A1-91F7-3D9220BAE395}.Debug|Any CPU.ActiveCfg = Debug|Any CPU
		{7633D0BB-2AB6-47A1-91F7-3D9220BAE395}.Debug|Any CPU.Build.0 = Debug|Any CPU
		{7633D0BB-2AB6-47A1-91F7-3D9220BAE395}.Release|Any CPU.ActiveCfg = Release|Any CPU
		{7633D0BB-2AB6-47A1-91F7-3D9220BAE395}.Release|Any CPU.Build.0 = Release|Any CPU
	EndGlobalSection
	GlobalSection(SolutionProperties) = preSolution
		HideSolutionNode = FALSE
	EndGlobalSection
	GlobalSection(ExtensibilityGlobals) = postSolution
		SolutionGuid = {867BC3C2-02DD-4E23-854C-1A72073239C2}
	EndGlobalSection
EndGlobal
